
Microsoft Visual Studio Solution File, Format Version 12.00
# Visual Studio Version 17
VisualStudioVersion = 17.5.33530.505
MinimumVisualStudioVersion = 10.0.40219.1
Project("{FAE04EC0-301F-11D3-BF4B-00C04F79EFBC}") = "begrener", "begrener\begrener.csproj", "{F18A9087-7017-458A-BDF0-C7242EC94B00}"
EndProject
Global
	GlobalSection(SolutionConfigurationPlatforms) = preSolution
		Debug|Any CPU = Debug|Any CPU
		Release|Any CPU = Release|Any CPU
	EndGlobalSection
	GlobalSection(ProjectConfigurationPlatforms) = postSolution
		{F18A9087-7017-458A-BDF0-C7242EC94B00}.Debug|Any CPU.ActiveCfg = Debug|Any CPU
		{F18A9087-7017-458A-BDF0-C7242EC94B00}.Debug|Any CPU.Build.0 = Debug|Any CPU
		{F18A9087-7017-458A-BDF0-C7242EC94B00}.Release|Any CPU.ActiveCfg = Release|Any CPU
		{F18A9087-7017-458A-BDF0-C7242EC94B00}.Release|Any CPU.Build.0 = Release|Any CPU
	EndGlobalSection
	GlobalSection(SolutionProperties) = preSolution
		HideSolutionNode = FALSE
	EndGlobalSection
	GlobalSection(ExtensibilityGlobals) = postSolution
		SolutionGuid = {A022F4BD-822C-48BB-B33C-C6DC4A467497}
	EndGlobalSection
EndGlobal
